
Microsoft Visual Studio Solution File, Format Version 12.00
# Visual Studio Version 16
VisualStudioVersion = 16.0.30804.86
MinimumVisualStudioVersion = 10.0.40219.1
Project("{FAE04EC0-301F-11D3-BF4B-00C04F79EFBC}") = "WEB_SERVICE_CLIENT_MAGATZEM", "WEB_SERVICE_CLIENT_MAGATZEM.csproj", "{0C5500BF-155B-4E3C-8281-1F3886ECAAB9}"
EndProject
Global
	GlobalSection(SolutionConfigurationPlatforms) = preSolution
		Debug|Any CPU = Debug|Any CPU
		Release|Any CPU = Release|Any CPU
	EndGlobalSection
	GlobalSection(ProjectConfigurationPlatforms) = postSolution
		{0C5500BF-155B-4E3C-8281-1F3886ECAAB9}.Debug|Any CPU.ActiveCfg = Debug|Any CPU
		{0C5500BF-155B-4E3C-8281-1F3886ECAAB9}.Debug|Any CPU.Build.0 = Debug|Any CPU
		{0C5500BF-155B-4E3C-8281-1F3886ECAAB9}.Release|Any CPU.ActiveCfg = Release|Any CPU
		{0C5500BF-155B-4E3C-8281-1F3886ECAAB9}.Release|Any CPU.Build.0 = Release|Any CPU
	EndGlobalSection
	GlobalSection(SolutionProperties) = preSolution
		HideSolutionNode = FALSE
	EndGlobalSection
	GlobalSection(ExtensibilityGlobals) = postSolution
		SolutionGuid = {FB93819F-EE89-4826-9F6D-5B65169999D6}
	EndGlobalSection
EndGlobal
